Microsoft Visual Studio Solution File, Format Version 11.00
# Visual Studio 2008

Project("{E8E05F61-D2C5-AF9E-498D-992F7AFC3657}") = "unity-game-client", "Assembly-CSharp-firstpass.csproj", "{26E390B2-DF74-9F6C-26E8-4C3790200C5B}"
EndProject
Project("{E8E05F61-D2C5-AF9E-498D-992F7AFC3657}") = "unity-game-client", "Assembly-CSharp.csproj", "{A3DA8180-FC05-42F8-5E6E-781B02F01071}"
EndProject
Project("{E8E05F61-D2C5-AF9E-498D-992F7AFC3657}") = "unity-game-client", "Assembly-CSharp-Editor.csproj", "{3E4682C0-1E0F-DD6A-6268-0D4E92AB75F1}"
EndProject
Project("{E8E05F61-D2C5-AF9E-498D-992F7AFC3657}") = "unity-game-client", "Assembly-UnityScript.unityproj", "{1DA5EF11-A46F-2512-7BB7-2F9CB747C7B6}"
EndProject
Project("{E8E05F61-D2C5-AF9E-498D-992F7AFC3657}") = "unity-game-client", "Assembly-UnityScript-Editor.unityproj", "{3D24FC3C-16AC-DC81-2AD3-854F5BAB9C88}"
EndProject
Global
	GlobalSection(SolutionConfigurationPlatforms) = preSolution
		Debug|Any CPU = Debug|Any CPU
		Release|Any CPU = Release|Any CPU
	EndGlobalSection
	GlobalSection(ProjectConfigurationPlatforms) = postSolution
		{26E390B2-DF74-9F6C-26E8-4C3790200C5B}.Debug|Any CPU.ActiveCfg = Debug|Any CPU
		{26E390B2-DF74-9F6C-26E8-4C3790200C5B}.Debug|Any CPU.Build.0 = Debug|Any CPU
		{26E390B2-DF74-9F6C-26E8-4C3790200C5B}.Release|Any CPU.ActiveCfg = Release|Any CPU
		{26E390B2-DF74-9F6C-26E8-4C3790200C5B}.Release|Any CPU.Build.0 = Release|Any CPU
		{A3DA8180-FC05-42F8-5E6E-781B02F01071}.Debug|Any CPU.ActiveCfg = Debug|Any CPU
		{A3DA8180-FC05-42F8-5E6E-781B02F01071}.Debug|Any CPU.Build.0 = Debug|Any CPU
		{A3DA8180-FC05-42F8-5E6E-781B02F01071}.Release|Any CPU.ActiveCfg = Release|Any CPU
		{A3DA8180-FC05-42F8-5E6E-781B02F01071}.Release|Any CPU.Build.0 = Release|Any CPU
		{3E4682C0-1E0F-DD6A-6268-0D4E92AB75F1}.Debug|Any CPU.ActiveCfg = Debug|Any CPU
		{3E4682C0-1E0F-DD6A-6268-0D4E92AB75F1}.Debug|Any CPU.Build.0 = Debug|Any CPU
		{3E4682C0-1E0F-DD6A-6268-0D4E92AB75F1}.Release|Any CPU.ActiveCfg = Release|Any CPU
		{3E4682C0-1E0F-DD6A-6268-0D4E92AB75F1}.Release|Any CPU.Build.0 = Release|Any CPU
		{1DA5EF11-A46F-2512-7BB7-2F9CB747C7B6}.Debug|Any CPU.ActiveCfg = Debug|Any CPU
		{1DA5EF11-A46F-2512-7BB7-2F9CB747C7B6}.Debug|Any CPU.Build.0 = Debug|Any CPU
		{1DA5EF11-A46F-2512-7BB7-2F9CB747C7B6}.Release|Any CPU.ActiveCfg = Release|Any CPU
		{1DA5EF11-A46F-2512-7BB7-2F9CB747C7B6}.Release|Any CPU.Build.0 = Release|Any CPU
		{3D24FC3C-16AC-DC81-2AD3-854F5BAB9C88}.Debug|Any CPU.ActiveCfg = Debug|Any CPU
		{3D24FC3C-16AC-DC81-2AD3-854F5BAB9C88}.Debug|Any CPU.Build.0 = Debug|Any CPU
		{3D24FC3C-16AC-DC81-2AD3-854F5BAB9C88}.Release|Any CPU.ActiveCfg = Release|Any CPU
		{3D24FC3C-16AC-DC81-2AD3-854F5BAB9C88}.Release|Any CPU.Build.0 = Release|Any CPU
	EndGlobalSection
	GlobalSection(SolutionProperties) = preSolution
		HideSolutionNode = FALSE
	EndGlobalSection
	GlobalSection(MonoDevelopProperties) = preSolution
		Policies = $0
		$0.TextStylePolicy = $1
		$1.FileWidth = 120
		$1.inheritsSet = VisualStudio
		$1.inheritsScope = text/plain
		$1.scope = text/x-csharp
		$0.CSharpFormattingPolicy = $2
		$2.AfterDelegateDeclarationParameterComma = True
		$2.inheritsSet = Mono
		$2.inheritsScope = text/x-csharp
		$2.scope = text/x-csharp
		$0.TextStylePolicy = $3
		$3.FileWidth = 120
		$3.TabsToSpaces = False
		$3.inheritsSet = VisualStudio
		$3.inheritsScope = text/plain
		$3.scope = text/plain
	EndGlobalSection
EndGlobal
